Microsoft Visual Studio Solution File, Format Version 12.00
# Visual Studio Version 17
VisualStudioVersion = 17.0.31903.59
MinimumVisualStudioVersion = 10.0.40219.1

Project("{FAE04EC0-301F-11D3-BF4B-00C04F79EFBC}") = "RodnikiRadio", "RodnikiRadio.csproj", "{8A1F0C5E-9C5F-4E89-A3D2-123456789001}"
EndProject

Global
EndGlobal